// !$*UTF8*$!
{
	archiveVersion = 1;
	classes = {
	};
	objectVersion = 46;
	objects = {

/* Begin PBXBuildFile section */
		ABB110A38BE7AA72E7D0DCCC /* AppDelegate.swift in Sources */ = {isa = PBXBuildFile; fileRef = ABB1163EEB4045D9710E9035 /* AppDelegate.swift */; };
		ABB1141FBA75F2117F3B825E /* ViewController.swift in Sources */ = {isa = PBXBuildFile; fileRef = ABB11A91F1D8432C45BD7007 /* ViewController.swift */; };
		ABB1174A4BC8DFF62D07D858 /* Assets.xcassets in Resources */ = {isa = PBXBuildFile; fileRef = ABB114F9C33B09265F1A2FC9 /* Assets.xcassets */; };
		ABB118EFDE9377248CA7567E /* LaunchScreen.storyboard in Resources */ = {isa = PBXBuildFile; fileRef = ABB11C6C08499CD7124027D6 /* LaunchScreen.storyboard */; };
		ABB11A82E3A73B6E7A7CC5E1 /* Main.storyboard in Resources */ = {isa = PBXBuildFile; fileRef = ABB1152C0C91A6CA67019F43 /* Main.storyboard */; };
		ABB11D709E18492080F2459A /* NewCityViewController.swift in Sources */ = {isa = PBXBuildFile; fileRef = ABB11C851A9E517A8EA8AEC6 /* NewCityViewController.swift */; };
		ABB11D84D36B31D35E740B50 /* CitiesListViewController.swift in Sources */ = {isa = PBXBuildFile; fileRef = ABB11D76EDAB3AB96D135D4C /* CitiesListViewController.swift */; };
		ABB11F33DCD001D8F90ACB6F /* CitiesStorage.swift in Sources */ = {isa = PBXBuildFile; fileRef = ABB11CB61687AD937607A13B /* CitiesStorage.swift */; };
/* End PBXBuildFile section */

/* Begin PBXFileReference section */
		ABB114F9C33B09265F1A2FC9 /* Assets.xcassets */ = {isa = PBXFileReference; lastKnownFileType = folder.assetcatalog; path = Assets.xcassets; sourceTree = "<group>"; };
		ABB1163EEB4045D9710E9035 /* AppDelegate.swift */ = {isa = PBXFileReference; fileEncoding = 4; lastKnownFileType = sourcecode.swift; path = AppDelegate.swift; sourceTree = "<group>"; };
		ABB1180777D3DFF7D643D7E5 /* Weather-swift.app */ = {isa = PBXFileReference; explicitFileType = wrapper.application; includeInIndex = 0; path = "Weather-swift.app"; sourceTree = BUILT_PRODUCTS_DIR; };
		ABB119E1BEDD015D05A7A992 /* Base */ = {isa = PBXFileReference; lastKnownFileType = file.storyboard; name = Base; path = Base.lproj/Main.storyboard; sourceTree = "<group>"; };
		ABB11A5CB84600D239B61C11 /* Base */ = {isa = PBXFileReference; lastKnownFileType = file.storyboard; name = Base; path = Base.lproj/LaunchScreen.storyboard; sourceTree = "<group>"; };
		ABB11A91F1D8432C45BD7007 /* ViewController.swift */ = {isa = PBXFileReference; fileEncoding = 4; lastKnownFileType = sourcecode.swift; path = ViewController.swift; sourceTree = "<group>"; };
		ABB11AF9218E1FC72E2C4F5D /* Info.plist */ = {isa = PBXFileReference; fileEncoding = 4; lastKnownFileType = text.plist.info; path = Info.plist; sourceTree = "<group>"; };
		ABB11C851A9E517A8EA8AEC6 /* NewCityViewController.swift */ = {isa = PBXFileReference; fileEncoding = 4; lastKnownFileType = sourcecode.swift; path = NewCityViewController.swift; sourceTree = "<group>"; };
		ABB11CB61687AD937607A13B /* CitiesStorage.swift */ = {isa = PBXFileReference; fileEncoding = 4; lastKnownFileType = sourcecode.swift; path = CitiesStorage.swift; sourceTree = "<group>"; };
		ABB11D76EDAB3AB96D135D4C /* CitiesListViewController.swift */ = {isa = PBXFileReference; fileEncoding = 4; lastKnownFileType = sourcecode.swift; path = CitiesListViewController.swift; sourceTree = "<group>"; };
/* End PBXFileReference section */

/* Begin PBXFrameworksBuildPhase section */
		ABB1104A7CCA8831D6EE5200 /* Frameworks */ = {
			isa = PBXFrameworksBuildPhase;
			buildActionMask = 2147483647;
			files = (
			);
			runOnlyForDeploymentPostprocessing = 0;
		};
/* End PBXFrameworksBuildPhase section */

/* Begin PBXGroup section */
		ABB111416B7333D1FDF79779 = {
			isa = PBXGroup;
			children = (
				ABB1154F2F13A66F1C69A690 /* Products */,
				ABB113998FA8179B1B21C330 /* Weather-swift */,
			);
			sourceTree = "<group>";
		};
		ABB113998FA8179B1B21C330 /* Weather-swift */ = {
			isa = PBXGroup;
			children = (
				ABB11F1C2022E5B9108BC237 /* View Controllers */,
				ABB1171C739E2395DEF7FCD6 /* Models */,
				ABB11F3959FB196A6750BFBC /* support */,
			);
			path = "Weather-swift";
			sourceTree = "<group>";
		};
		ABB1154F2F13A66F1C69A690 /* Products */ = {
			isa = PBXGroup;
			children = (
				ABB1180777D3DFF7D643D7E5 /* Weather-swift.app */,
			);
			name = Products;
			sourceTree = "<group>";
		};
		ABB1171C739E2395DEF7FCD6 /* Models */ = {
			isa = PBXGroup;
			children = (
				ABB11CB61687AD937607A13B /* CitiesStorage.swift */,
			);
			path = Models;
			sourceTree = "<group>";
		};
		ABB11F1C2022E5B9108BC237 /* View Controllers */ = {
			isa = PBXGroup;
			children = (
				ABB11D76EDAB3AB96D135D4C /* CitiesListViewController.swift */,
				ABB11C851A9E517A8EA8AEC6 /* NewCityViewController.swift */,
				ABB11A91F1D8432C45BD7007 /* ViewController.swift */,
			);
			path = "View Controllers";
			sourceTree = "<group>";
		};
		ABB11F3959FB196A6750BFBC /* support */ = {
			isa = PBXGroup;
			children = (
				ABB1152C0C91A6CA67019F43 /* Main.storyboard */,
				ABB11C6C08499CD7124027D6 /* LaunchScreen.storyboard */,
				ABB11AF9218E1FC72E2C4F5D /* Info.plist */,
				ABB1163EEB4045D9710E9035 /* AppDelegate.swift */,
				ABB114F9C33B09265F1A2FC9 /* Assets.xcassets */,
			);
			name = support;
			sourceTree = "<group>";
		};
/* End PBXGroup section */

/* Begin PBXNativeTarget section */
		ABB1113F962875A853554DBE /* Weather-swift */ = {
			isa = PBXNativeTarget;
			buildConfigurationList = ABB1155B54AEB063C3F3EE59 /* Build configuration list for PBXNativeTarget "Weather-swift" */;
			buildPhases = (
				ABB11096508BCE714101FBEC /* Sources */,
				ABB1104A7CCA8831D6EE5200 /* Frameworks */,
				ABB113B6FDAA82E5BC722478 /* Resources */,
			);
			buildRules = (
			);
			dependencies = (
			);
			name = "Weather-swift";
			productName = "Weather-swift";
			productReference = ABB1180777D3DFF7D643D7E5 /* Weather-swift.app */;
			productType = "com.apple.product-type.application";
		};
/* End PBXNativeTarget section */

/* Begin PBXProject section */
		ABB11C94C16BCD1CDFF03664 /* Project object */ = {
			isa = PBXProject;
			attributes = {
				ORGANIZATIONNAME = "Kirill Pyulzyu";
				TargetAttributes = {
					ABB1113F962875A853554DBE = {
						DevelopmentTeam = 5D855L4MSP;
					};
				};
			};
			buildConfigurationList = ABB114E3E02074BEDDF00884 /* Build configuration list for PBXProject "Weather-swift" */;
			compatibilityVersion = "Xcode 3.2";
			developmentRegion = English;
			hasScannedForEncodings = 0;
			knownRegions = (
				en,
			);
			mainGroup = ABB111416B7333D1FDF79779;
			productRefGroup = ABB1154F2F13A66F1C69A690 /* Products */;
			projectDirPath = "";
			projectRoot = "";
			targets = (
				ABB1113F962875A853554DBE /* Weather-swift */,
			);
		};
/* End PBXProject section */

/* Begin PBXResourcesBuildPhase section */
		ABB113B6FDAA82E5BC722478 /* Resources */ = {
			isa = PBXResourcesBuildPhase;
			buildActionMask = 2147483647;
			files = (
				ABB11A82E3A73B6E7A7CC5E1 /* Main.storyboard in Resources */,
				ABB118EFDE9377248CA7567E /* LaunchScreen.storyboard in Resources */,
				ABB1174A4BC8DFF62D07D858 /* Assets.xcassets in Resources */,
			);
			runOnlyForDeploymentPostprocessing = 0;
		};
/* End PBXResourcesBuildPhase section */

/* Begin PBXSourcesBuildPhase section */
		ABB11096508BCE714101FBEC /* Sources */ = {
			isa = PBXSourcesBuildPhase;
			buildActionMask = 2147483647;
			files = (
				ABB11D84D36B31D35E740B50 /* CitiesListViewController.swift in Sources */,
				ABB11D709E18492080F2459A /* NewCityViewController.swift in Sources */,
				ABB1141FBA75F2117F3B825E /* ViewController.swift in Sources */,
				ABB11F33DCD001D8F90ACB6F /* CitiesStorage.swift in Sources */,
				ABB110A38BE7AA72E7D0DCCC /* AppDelegate.swift in Sources */,
			);
			runOnlyForDeploymentPostprocessing = 0;
		};
/* End PBXSourcesBuildPhase section */

/* Begin PBXVariantGroup section */
		ABB1152C0C91A6CA67019F43 /* Main.storyboard */ = {
			isa = PBXVariantGroup;
			children = (
				ABB119E1BEDD015D05A7A992 /* Base */,
			);
			name = Main.storyboard;
			sourceTree = "<group>";
		};
		ABB11C6C08499CD7124027D6 /* LaunchScreen.storyboard */ = {
			isa = PBXVariantGroup;
			children = (
				ABB11A5CB84600D239B61C11 /* Base */,
			);
			name = LaunchScreen.storyboard;
			sourceTree = "<group>";
		};
/* End PBXVariantGroup section */

/* Begin XCBuildConfiguration section */
		ABB1111282A5107955C71255 /* Debug */ = {
			isa = XCBuildConfiguration;
			buildSettings = {
				ASSETCATALOG_COMPILER_APPICON_NAME = AppIcon;
				DEVELOPMENT_TEAM = 5D855L4MSP;
				INFOPLIST_FILE = "Weather-swift/Info.plist";
				LD_RUNPATH_SEARCH_PATHS = "$(inherited) @executable_path/Frameworks";
				PRODUCT_BUNDLE_IDENTIFIER = "KP.Weather-swift";
				PRODUCT_NAME = "$(TARGET_NAME)";
				SWIFT_VERSION = 3.1;
			};
			name = Debug;
		};
		ABB116AF5DB94F6F421EF66C /* Release */ = {
			isa = XCBuildConfiguration;
			buildSettings = {
				ALWAYS_SEARCH_USER_PATHS = NO;
				CLANG_ANALYZER_NONNULL = YES;
				CLANG_ANALYZER_NUMBER_OBJECT_CONVERSION = YES_AGGRESSIVE;
				CLANG_CXX_LANGUAGE_STANDARD = "gnu++0x";
				CLANG_CXX_LIBRARY = "libc++";
				CLANG_ENABLE_MODULES = YES;
				CLANG_ENABLE_OBJC_ARC = YES;
				CLANG_WARN_BOOL_CONVERSION = YES;
				CLANG_WARN_CONSTANT_CONVERSION = YES;
				CLANG_WARN_DIRECT_OBJC_ISA_USAGE = YES_ERROR;
				CLANG_WARN_DOCUMENTATION_COMMENTS = YES;
				CLANG_WARN_EMPTY_BODY = YES;
				CLANG_WARN_ENUM_CONVERSION = YES;
				CLANG_WARN_INFINITE_RECURSION = YES;
				CLANG_WARN_INT_CONVERSION = YES;
				CLANG_WARN_OBJC_ROOT_CLASS = YES_ERROR;
				CLANG_WARN_SUSPICIOUS_MOVE = YES;
				CLANG_WARN_UNREACHABLE_CODE = YES;
				CLANG_WARN__DUPLICATE_METHOD_MATCH = YES;
				"CODE_SIGN_IDENTITY[sdk=iphoneos*]" = "iPhone Developer";
				COPY_PHASE_STRIP = NO;
				DEBUG_INFORMATION_FORMAT = "dwarf-with-dsym";
				ENABLE_NS_ASSERTIONS = NO;
				ENABLE_STRICT_OBJC_MSGSEND = YES;
				GCC_C_LANGUAGE_STANDARD = gnu99;
				GCC_NO_COMMON_BLOCKS = YES;
				GCC_WARN_64_TO_32_BIT_CONVERSION = YES;
				GCC_WARN_ABOUT_RETURN_TYPE = YES_ERROR;
				GCC_WARN_UNDECLARED_SELECTOR = YES;
				GCC_WARN_UNINITIALIZED_AUTOS = YES_AGGRESSIVE;
				GCC_WARN_UNUSED_FUNCTION = YES;
				GCC_WARN_UNUSED_VARIABLE = YES;
				IPHONEOS_DEPLOYMENT_TARGET = 10.3;
				MTL_ENABLE_DEBUG_INFO = NO;
				SDKROOT = iphoneos;
				SWIFT_OPTIMIZATION_LEVEL = "-Owholemodule";
				TARGETED_DEVICE_FAMILY = "1,2";
				VALIDATE_PRODUCT = YES;
			};
			name = Release;
		};
		ABB11A467B2FB51F2A2D55A4 /* Debug */ = {
			isa = XCBuildConfiguration;
			buildSettings = {
				ALWAYS_SEARCH_USER_PATHS = NO;
				CLANG_ANALYZER_NONNULL = YES;
				CLANG_ANALYZER_NUMBER_OBJECT_CONVERSION = YES_AGGRESSIVE;
				CLANG_CXX_LANGUAGE_STANDARD = "gnu++0x";
				CLANG_CXX_LIBRARY = "libc++";
				CLANG_ENABLE_MODULES = YES;
				CLANG_ENABLE_OBJC_ARC = YES;
				CLANG_WARN_BOOL_CONVERSION = YES;
				CLANG_WARN_CONSTANT_CONVERSION = YES;
				CLANG_WARN_DIRECT_OBJC_ISA_USAGE = YES_ERROR;
				CLANG_WARN_DOCUMENTATION_COMMENTS = YES;
				CLANG_WARN_EMPTY_BODY = YES;
				CLANG_WARN_ENUM_CONVERSION = YES;
				CLANG_WARN_INFINITE_RECURSION = YES;
				CLANG_WARN_INT_CONVERSION = YES;
				CLANG_WARN_OBJC_ROOT_CLASS = YES_ERROR;
				CLANG_WARN_SUSPICIOUS_MOVE = YES;
				CLANG_WARN_UNREACHABLE_CODE = YES;
				CLANG_WARN__DUPLICATE_METHOD_MATCH = YES;
				"CODE_SIGN_IDENTITY[sdk=iphoneos*]" = "iPhone Developer";
				COPY_PHASE_STRIP = NO;
				DEBUG_INFORMATION_FORMAT = dwarf;
				ENABLE_STRICT_OBJC_MSGSEND = YES;
				ENABLE_TESTABILITY = YES;
				GCC_C_LANGUAGE_STANDARD = gnu99;
				GCC_DYNAMIC_NO_PIC = NO;
				GCC_NO_COMMON_BLOCKS = YES;
				GCC_OPTIMIZATION_LEVEL = 0;
				GCC_PREPROCESSOR_DEFINITIONS = (
					"DEBUG=1",
					"$(inherited)",
				);
				GCC_WARN_64_TO_32_BIT_CONVERSION = YES;
				GCC_WARN_ABOUT_RETURN_TYPE = YES_ERROR;
				GCC_WARN_UNDECLARED_SELECTOR = YES;
				GCC_WARN_UNINITIALIZED_AUTOS = YES_AGGRESSIVE;
				GCC_WARN_UNUSED_FUNCTION = YES;
				GCC_WARN_UNUSED_VARIABLE = YES;
				IPHONEOS_DEPLOYMENT_TARGET = 10.3;
				MTL_ENABLE_DEBUG_INFO = YES;
				ONLY_ACTIVE_ARCH = YES;
				SDKROOT = iphoneos;
				SWIFT_ACTIVE_COMPILATION_CONDITIONS = DEBUG;
				SWIFT_OPTIMIZATION_LEVEL = "-Onone";
				TARGETED_DEVICE_FAMILY = "1,2";
			};
			name = Debug;
		};
		ABB11BED066735A5D32CC334 /* Release */ = {
			isa = XCBuildConfiguration;
			buildSettings = {
				ASSETCATALOG_COMPILER_APPICON_NAME = AppIcon;
				DEVELOPMENT_TEAM = 5D855L4MSP;
				INFOPLIST_FILE = "Weather-swift/Info.plist";
				LD_RUNPATH_SEARCH_PATHS = "$(inherited) @executable_path/Frameworks";
				PRODUCT_BUNDLE_IDENTIFIER = "KP.Weather-swift";
				PRODUCT_NAME = "$(TARGET_NAME)";
				SWIFT_VERSION = 3.1;
			};
			name = Release;
		};
/* End XCBuildConfiguration section */

/* Begin XCConfigurationList section */
		ABB114E3E02074BEDDF00884 /* Build configuration list for PBXProject "Weather-swift" */ = {
			isa = XCConfigurationList;
			buildConfigurations = (
				ABB11A467B2FB51F2A2D55A4 /* Debug */,
				ABB116AF5DB94F6F421EF66C /* Release */,
			);
			defaultConfigurationIsVisible = 0;
			defaultConfigurationName = Release;
		};
		ABB1155B54AEB063C3F3EE59 /* Build configuration list for PBXNativeTarget "Weather-swift" */ = {
			isa = XCConfigurationList;
			buildConfigurations = (
				ABB1111282A5107955C71255 /* Debug */,
				ABB11BED066735A5D32CC334 /* Release */,
			);
			defaultConfigurationIsVisible = 0;
			defaultConfigurationName = Release;
		};
/* End XCConfigurationList section */
	};
	rootObject = ABB11C94C16BCD1CDFF03664 /* Project object */;
}
